
Microsoft Visual Studio Solution File, Format Version 12.00
# Visual Studio Version 17
VisualStudioVersion = 17.1.32414.318
MinimumVisualStudioVersion = 10.0.40219.1
Project("{9A19103F-16F7-4668-BE54-9A1E7A4F7556}") = "Examen-III-Parcial", "Examen-III-Parcial\Examen-III-Parcial.csproj", "{117B0260-2C70-4F50-8240-30A09EAF4C05}"
EndProject
Project("{9A19103F-16F7-4668-BE54-9A1E7A4F7556}") = "Datos", "Datos\Datos.csproj", "{D642B51A-9F82-4A96-B2F5-7CEFD5A748D6}"
EndProject
Project("{9A19103F-16F7-4668-BE54-9A1E7A4F7556}") = "Modelos", "Modelos\Modelos.csproj", "{30EB01AC-8F16-4B6D-9C80-3E996EAABAE3}"
EndProject
Global
	GlobalSection(SolutionConfigurationPlatforms) = preSolution
		Debug|Any CPU = Debug|Any CPU
		Release|Any CPU = Release|Any CPU
	EndGlobalSection
	GlobalSection(ProjectConfigurationPlatforms) = postSolution
		{117B0260-2C70-4F50-8240-30A09EAF4C05}.Debug|Any CPU.ActiveCfg = Debug|Any CPU
		{117B0260-2C70-4F50-8240-30A09EAF4C05}.Debug|Any CPU.Build.0 = Debug|Any CPU
		{117B0260-2C70-4F50-8240-30A09EAF4C05}.Release|Any CPU.ActiveCfg = Release|Any CPU
		{117B0260-2C70-4F50-8240-30A09EAF4C05}.Release|Any CPU.Build.0 = Release|Any CPU
		{D642B51A-9F82-4A96-B2F5-7CEFD5A748D6}.Debug|Any CPU.ActiveCfg = Debug|Any CPU
		{D642B51A-9F82-4A96-B2F5-7CEFD5A748D6}.Debug|Any CPU.Build.0 = Debug|Any CPU
		{D642B51A-9F82-4A96-B2F5-7CEFD5A748D6}.Release|Any CPU.ActiveCfg = Release|Any CPU
		{D642B51A-9F82-4A96-B2F5-7CEFD5A748D6}.Release|Any CPU.Build.0 = Release|Any CPU
		{30EB01AC-8F16-4B6D-9C80-3E996EAABAE3}.Debug|Any CPU.ActiveCfg = Debug|Any CPU
		{30EB01AC-8F16-4B6D-9C80-3E996EAABAE3}.Debug|Any CPU.Build.0 = Debug|Any CPU
		{30EB01AC-8F16-4B6D-9C80-3E996EAABAE3}.Release|Any CPU.ActiveCfg = Release|Any CPU
		{30EB01AC-8F16-4B6D-9C80-3E996EAABAE3}.Release|Any CPU.Build.0 = Release|Any CPU
	EndGlobalSection
	GlobalSection(SolutionProperties) = preSolution
		HideSolutionNode = FALSE
	EndGlobalSection
	GlobalSection(ExtensibilityGlobals) = postSolution
		SolutionGuid = {AAA96BA3-F637-4A33-B67B-7A75EEDEAF73}
	EndGlobalSection
EndGlobal
